
Microsoft Visual Studio Solution File, Format Version 12.00
# Visual Studio Version 17
VisualStudioVersion = 17.3.32929.385
MinimumVisualStudioVersion = 10.0.40219.1
Project("{FAE04EC0-301F-11D3-BF4B-00C04F79EFBC}") = "JCDecauxProxy", "JCDecauxProxy.csproj", "{745B89BF-ED60-47AB-A8E9-4CFDC2C5BC7C}"
EndProject
Global
	GlobalSection(SolutionConfigurationPlatforms) = preSolution
		Debug|Any CPU = Debug|Any CPU
		Release|Any CPU = Release|Any CPU
	EndGlobalSection
	GlobalSection(ProjectConfigurationPlatforms) = postSolution
		{745B89BF-ED60-47AB-A8E9-4CFDC2C5BC7C}.Debug|Any CPU.ActiveCfg = Debug|Any CPU
		{745B89BF-ED60-47AB-A8E9-4CFDC2C5BC7C}.Debug|Any CPU.Build.0 = Debug|Any CPU
		{745B89BF-ED60-47AB-A8E9-4CFDC2C5BC7C}.Release|Any CPU.ActiveCfg = Release|Any CPU
		{745B89BF-ED60-47AB-A8E9-4CFDC2C5BC7C}.Release|Any CPU.Build.0 = Release|Any CPU
	EndGlobalSection
	GlobalSection(SolutionProperties) = preSolution
		HideSolutionNode = FALSE
	EndGlobalSection
	GlobalSection(ExtensibilityGlobals) = postSolution
		SolutionGuid = {C051E393-EB18-4834-A327-4B167F8AB1E3}
	EndGlobalSection
EndGlobal
